// !$*UTF8*$!
{
	archiveVersion = 1;
	classes = {
	};
	objectVersion = 51;
	objects = {

/* Begin PBXBuildFile section */
		301D4F3823A3F95A008D3787 /* FeedApiController.swift in Sources */ = {isa = PBXBuildFile; fileRef = 301D4F3723A3F95A008D3787 /* FeedApiController.swift */; };
		301D4F3A23A41ABD008D3787 /* NotificationNameExtension.swift in Sources */ = {isa = PBXBuildFile; fileRef = 301D4F3923A41ABD008D3787 /* NotificationNameExtension.swift */; };
		301D4F3C23A443D3008D3787 /* StringAndDateExtension.swift in Sources */ = {isa = PBXBuildFile; fileRef = 301D4F3B23A443D3008D3787 /* StringAndDateExtension.swift */; };
		301D4F3E23A45098008D3787 /* FeedModel.swift in Sources */ = {isa = PBXBuildFile; fileRef = 301D4F3D23A45098008D3787 /* FeedModel.swift */; };
		301D4F4023A4607F008D3787 /* Spinner.swift in Sources */ = {isa = PBXBuildFile; fileRef = 301D4F3F23A4607F008D3787 /* Spinner.swift */; };
		301D4F4223A46218008D3787 /* RepoDetailModel.swift in Sources */ = {isa = PBXBuildFile; fileRef = 301D4F4123A46218008D3787 /* RepoDetailModel.swift */; };
		304A0C6423A2E67F00B50E6D /* StoryboardExtension.swift in Sources */ = {isa = PBXBuildFile; fileRef = 304A0C6323A2E67F00B50E6D /* StoryboardExtension.swift */; };
		304A0C6823A2EA2B00B50E6D /* Walkthrough.storyboard in Resources */ = {isa = PBXBuildFile; fileRef = 304A0C6723A2EA2B00B50E6D /* Walkthrough.storyboard */; };
		304A0C6A23A2EB6400B50E6D /* MainViewController.swift in Sources */ = {isa = PBXBuildFile; fileRef = 304A0C6923A2EB6400B50E6D /* MainViewController.swift */; };
		304A0C6C23A2EC7900B50E6D /* WalkthroughViewController.swift in Sources */ = {isa = PBXBuildFile; fileRef = 304A0C6B23A2EC7900B50E6D /* WalkthroughViewController.swift */; };
		304A0C7123A2F96E00B50E6D /* HomeFeedViewController.swift in Sources */ = {isa = PBXBuildFile; fileRef = 304A0C7023A2F96E00B50E6D /* HomeFeedViewController.swift */; };
		304A0C7323A2F97F00B50E6D /* SearchViewController.swift in Sources */ = {isa = PBXBuildFile; fileRef = 304A0C7223A2F97F00B50E6D /* SearchViewController.swift */; };
		304A0C7623A2FA4800B50E6D /* TabBarController.swift in Sources */ = {isa = PBXBuildFile; fileRef = 304A0C7523A2FA4800B50E6D /* TabBarController.swift */; };
		304A0C7923A2FE5300B50E6D /* NavigationController.swift in Sources */ = {isa = PBXBuildFile; fileRef = 304A0C7823A2FE5300B50E6D /* NavigationController.swift */; };
		30B5F83823A2BC840019BD75 /* UserModel.swift in Sources */ = {isa = PBXBuildFile; fileRef = 30B5F83723A2BC840019BD75 /* UserModel.swift */; };
		30E9B71B23A163A8001DF6F6 /* AppDelegate.swift in Sources */ = {isa = PBXBuildFile; fileRef = 30E9B71A23A163A8001DF6F6 /* AppDelegate.swift */; };
		30E9B71D23A163A8001DF6F6 /* LoginViewController.swift in Sources */ = {isa = PBXBuildFile; fileRef = 30E9B71C23A163A8001DF6F6 /* LoginViewController.swift */; };
		30E9B72023A163A8001DF6F6 /* Main.storyboard in Resources */ = {isa = PBXBuildFile; fileRef = 30E9B71E23A163A8001DF6F6 /* Main.storyboard */; };
		30E9B72223A163AA001DF6F6 /* Assets.xcassets in Resources */ = {isa = PBXBuildFile; fileRef = 30E9B72123A163AA001DF6F6 /* Assets.xcassets */; };
		30E9B72523A163AA001DF6F6 /* LaunchScreen.storyboard in Resources */ = {isa = PBXBuildFile; fileRef = 30E9B72323A163AA001DF6F6 /* LaunchScreen.storyboard */; };
		30ED779A23A29EAC007E1D6D /* ApiController.swift in Sources */ = {isa = PBXBuildFile; fileRef = 30ED779923A29EAC007E1D6D /* ApiController.swift */; };
		30ED779C23A2ACBD007E1D6D /* AuthenticationApiController.swift in Sources */ = {isa = PBXBuildFile; fileRef = 30ED779B23A2ACBD007E1D6D /* AuthenticationApiController.swift */; };
		30ED779F23A2AE26007E1D6D /* Globals.swift in Sources */ = {isa = PBXBuildFile; fileRef = 30ED779E23A2AE26007E1D6D /* Globals.swift */; };
		30F1648A23A4CF2F0080A0E0 /* WalkthroughCollectionViewCell.swift in Sources */ = {isa = PBXBuildFile; fileRef = 30F1648923A4CF2F0080A0E0 /* WalkthroughCollectionViewCell.swift */; };
		30F1648D23A4DF600080A0E0 /* FeedTableViewCell.swift in Sources */ = {isa = PBXBuildFile; fileRef = 30F1648C23A4DF600080A0E0 /* FeedTableViewCell.swift */; };
		30F1649023A4E1A00080A0E0 /* Protocols.swift in Sources */ = {isa = PBXBuildFile; fileRef = 30F1648F23A4E1A00080A0E0 /* Protocols.swift */; };
		30F1649223A4E23F0080A0E0 /* UIViewControllerExtension.swift in Sources */ = {isa = PBXBuildFile; fileRef = 30F1649123A4E23F0080A0E0 /* UIViewControllerExtension.swift */; };
		30F1649423A504CB0080A0E0 /* CachedImageClass.swift in Sources */ = {isa = PBXBuildFile; fileRef = 30F1649323A504CB0080A0E0 /* CachedImageClass.swift */; };
		30F1649623A52B310080A0E0 /* RepoDetailViewController.swift in Sources */ = {isa = PBXBuildFile; fileRef = 30F1649523A52B310080A0E0 /* RepoDetailViewController.swift */; };
		30F1649823A59AFD0080A0E0 /* SearchApiController.swift in Sources */ = {isa = PBXBuildFile; fileRef = 30F1649723A59AFD0080A0E0 /* SearchApiController.swift */; };
		30F1649A23A59EE00080A0E0 /* SearchModel.swift in Sources */ = {isa = PBXBuildFile; fileRef = 30F1649923A59EE00080A0E0 /* SearchModel.swift */; };
		30F1649C23A5A2B80080A0E0 /* SearchTableViewCell.swift in Sources */ = {isa = PBXBuildFile; fileRef = 30F1649B23A5A2B80080A0E0 /* SearchTableViewCell.swift */; };
		DA08F6CA62F522E1B9C0DCA0 /* Pods_snowDogChallenge.framework in Frameworks */ = {isa = PBXBuildFile; fileRef = DD69DF28F98E623B546A9537 /* Pods_snowDogChallenge.framework */; };
/* End PBXBuildFile section */

/* Begin PBXFileReference section */
		01AA0573CF491F9ABE375FA4 /* Pods-snowDogChallenge.release.xcconfig */ = {isa = PBXFileReference; includeInIndex = 1; lastKnownFileType = text.xcconfig; name = "Pods-snowDogChallenge.release.xcconfig"; path = "Target Support Files/Pods-snowDogChallenge/Pods-snowDogChallenge.release.xcconfig"; sourceTree = "<group>"; };
		301D4F3723A3F95A008D3787 /* FeedApiController.swift */ = {isa = PBXFileReference; lastKnownFileType = sourcecode.swift; path = FeedApiController.swift; sourceTree = "<group>"; };
		301D4F3923A41ABD008D3787 /* NotificationNameExtension.swift */ = {isa = PBXFileReference; lastKnownFileType = sourcecode.swift; path = NotificationNameExtension.swift; sourceTree = "<group>"; };
		301D4F3B23A443D3008D3787 /* StringAndDateExtension.swift */ = {isa = PBXFileReference; lastKnownFileType = sourcecode.swift; path = StringAndDateExtension.swift; sourceTree = "<group>"; };
		301D4F3D23A45098008D3787 /* FeedModel.swift */ = {isa = PBXFileReference; lastKnownFileType = sourcecode.swift; path = FeedModel.swift; sourceTree = "<group>"; };
		301D4F3F23A4607F008D3787 /* Spinner.swift */ = {isa = PBXFileReference; lastKnownFileType = sourcecode.swift; path = Spinner.swift; sourceTree = "<group>"; };
		301D4F4123A46218008D3787 /* RepoDetailModel.swift */ = {isa = PBXFileReference; lastKnownFileType = sourcecode.swift; path = RepoDetailModel.swift; sourceTree = "<group>"; };
		304A0C6323A2E67F00B50E6D /* StoryboardExtension.swift */ = {isa = PBXFileReference; lastKnownFileType = sourcecode.swift; path = StoryboardExtension.swift; sourceTree = "<group>"; };
		304A0C6723A2EA2B00B50E6D /* Walkthrough.storyboard */ = {isa = PBXFileReference; lastKnownFileType = file.storyboard; path = Walkthrough.storyboard; sourceTree = "<group>"; };
		304A0C6923A2EB6400B50E6D /* MainViewController.swift */ = {isa = PBXFileReference; lastKnownFileType = sourcecode.swift; path = MainViewController.swift; sourceTree = "<group>"; };
		304A0C6B23A2EC7900B50E6D /* WalkthroughViewController.swift */ = {isa = PBXFileReference; lastKnownFileType = sourcecode.swift; path = WalkthroughViewController.swift; sourceTree = "<group>"; };
		304A0C7023A2F96E00B50E6D /* HomeFeedViewController.swift */ = {isa = PBXFileReference; lastKnownFileType = sourcecode.swift; path = HomeFeedViewController.swift; sourceTree = "<group>"; };
		304A0C7223A2F97F00B50E6D /* SearchViewController.swift */ = {isa = PBXFileReference; lastKnownFileType = sourcecode.swift; path = SearchViewController.swift; sourceTree = "<group>"; };
		304A0C7523A2FA4800B50E6D /* TabBarController.swift */ = {isa = PBXFileReference; lastKnownFileType = sourcecode.swift; path = TabBarController.swift; sourceTree = "<group>"; };
		304A0C7823A2FE5300B50E6D /* NavigationController.swift */ = {isa = PBXFileReference; lastKnownFileType = sourcecode.swift; path = NavigationController.swift; sourceTree = "<group>"; };
		30B5F83723A2BC840019BD75 /* UserModel.swift */ = {isa = PBXFileReference; lastKnownFileType = sourcecode.swift; path = UserModel.swift; sourceTree = "<group>"; };
		30E9B71723A163A8001DF6F6 /* snowDogChallenge.app */ = {isa = PBXFileReference; explicitFileType = wrapper.application; includeInIndex = 0; path = snowDogChallenge.app; sourceTree = BUILT_PRODUCTS_DIR; };
		30E9B71A23A163A8001DF6F6 /* AppDelegate.swift */ = {isa = PBXFileReference; lastKnownFileType = sourcecode.swift; path = AppDelegate.swift; sourceTree = "<group>"; };
		30E9B71C23A163A8001DF6F6 /* LoginViewController.swift */ = {isa = PBXFileReference; lastKnownFileType = sourcecode.swift; path = LoginViewController.swift; sourceTree = "<group>"; };
		30E9B71F23A163A8001DF6F6 /* Base */ = {isa = PBXFileReference; lastKnownFileType = file.storyboard; name = Base; path = Base.lproj/Main.storyboard; sourceTree = "<group>"; };
		30E9B72123A163AA001DF6F6 /* Assets.xcassets */ = {isa = PBXFileReference; lastKnownFileType = folder.assetcatalog; path = Assets.xcassets; sourceTree = "<group>"; };
		30E9B72423A163AA001DF6F6 /* Base */ = {isa = PBXFileReference; lastKnownFileType = file.storyboard; name = Base; path = Base.lproj/LaunchScreen.storyboard; sourceTree = "<group>"; };
		30E9B72623A163AA001DF6F6 /* Info.plist */ = {isa = PBXFileReference; lastKnownFileType = text.plist.xml; path = Info.plist; sourceTree = "<group>"; };
		30ED779923A29EAC007E1D6D /* ApiController.swift */ = {isa = PBXFileReference; lastKnownFileType = sourcecode.swift; path = ApiController.swift; sourceTree = "<group>"; };
		30ED779B23A2ACBD007E1D6D /* AuthenticationApiController.swift */ = {isa = PBXFileReference; lastKnownFileType = sourcecode.swift; path = AuthenticationApiController.swift; sourceTree = "<group>"; };
		30ED779E23A2AE26007E1D6D /* Globals.swift */ = {isa = PBXFileReference; lastKnownFileType = sourcecode.swift; path = Globals.swift; sourceTree = "<group>"; };
		30F1648923A4CF2F0080A0E0 /* WalkthroughCollectionViewCell.swift */ = {isa = PBXFileReference; lastKnownFileType = sourcecode.swift; path = WalkthroughCollectionViewCell.swift; sourceTree = "<group>"; };
		30F1648C23A4DF600080A0E0 /* FeedTableViewCell.swift */ = {isa = PBXFileReference; lastKnownFileType = sourcecode.swift; path = FeedTableViewCell.swift; sourceTree = "<group>"; };
		30F1648F23A4E1A00080A0E0 /* Protocols.swift */ = {isa = PBXFileReference; lastKnownFileType = sourcecode.swift; path = Protocols.swift; sourceTree = "<group>"; };
		30F1649123A4E23F0080A0E0 /* UIViewControllerExtension.swift */ = {isa = PBXFileReference; lastKnownFileType = sourcecode.swift; path = UIViewControllerExtension.swift; sourceTree = "<group>"; };
		30F1649323A504CB0080A0E0 /* CachedImageClass.swift */ = {isa = PBXFileReference; lastKnownFileType = sourcecode.swift; path = CachedImageClass.swift; sourceTree = "<group>"; };
		30F1649523A52B310080A0E0 /* RepoDetailViewController.swift */ = {isa = PBXFileReference; lastKnownFileType = sourcecode.swift; path = RepoDetailViewController.swift; sourceTree = "<group>"; };
		30F1649723A59AFD0080A0E0 /* SearchApiController.swift */ = {isa = PBXFileReference; lastKnownFileType = sourcecode.swift; path = SearchApiController.swift; sourceTree = "<group>"; };
		30F1649923A59EE00080A0E0 /* SearchModel.swift */ = {isa = PBXFileReference; lastKnownFileType = sourcecode.swift; path = SearchModel.swift; sourceTree = "<group>"; };
		30F1649B23A5A2B80080A0E0 /* SearchTableViewCell.swift */ = {isa = PBXFileReference; lastKnownFileType = sourcecode.swift; path = SearchTableViewCell.swift; sourceTree = "<group>"; };
		54315E5876E3B472E32D1597 /* Pods-snowDogChallenge.debug.xcconfig */ = {isa = PBXFileReference; includeInIndex = 1; lastKnownFileType = text.xcconfig; name = "Pods-snowDogChallenge.debug.xcconfig"; path = "Target Support Files/Pods-snowDogChallenge/Pods-snowDogChallenge.debug.xcconfig"; sourceTree = "<group>"; };
		DD69DF28F98E623B546A9537 /* Pods_snowDogChallenge.framework */ = {isa = PBXFileReference; explicitFileType = wrapper.framework; includeInIndex = 0; path = Pods_snowDogChallenge.framework; sourceTree = BUILT_PRODUCTS_DIR; };
/* End PBXFileReference section */

/* Begin PBXFrameworksBuildPhase section */
		30E9B71423A163A8001DF6F6 /* Frameworks */ = {
			isa = PBXFrameworksBuildPhase;
			buildActionMask = 2147483647;
			files = (
				DA08F6CA62F522E1B9C0DCA0 /* Pods_snowDogChallenge.framework in Frameworks */,
			);
			runOnlyForDeploymentPostprocessing = 0;
		};
/* End PBXFrameworksBuildPhase section */

/* Begin PBXGroup section */
		2D9FACEB136A9C0F470D35ED /* Frameworks */ = {
			isa = PBXGroup;
			children = (
				DD69DF28F98E623B546A9537 /* Pods_snowDogChallenge.framework */,
			);
			name = Frameworks;
			sourceTree = "<group>";
		};
		304A0C6123A2E64B00B50E6D /* Helpers */ = {
			isa = PBXGroup;
			children = (
				30F1648E23A4E18D0080A0E0 /* Protocol */,
				30ED779D23A2AE11007E1D6D /* SupportingFiles */,
				304A0C6223A2E66100B50E6D /* Extensions */,
			);
			path = Helpers;
			sourceTree = "<group>";
		};
		304A0C6223A2E66100B50E6D /* Extensions */ = {
			isa = PBXGroup;
			children = (
				304A0C6323A2E67F00B50E6D /* StoryboardExtension.swift */,
				301D4F3923A41ABD008D3787 /* NotificationNameExtension.swift */,
				301D4F3B23A443D3008D3787 /* StringAndDateExtension.swift */,
				30F1649123A4E23F0080A0E0 /* UIViewControllerExtension.swift */,
			);
			path = Extensions;
			sourceTree = "<group>";
		};
		304A0C6523A2E92A00B50E6D /* View */ = {
			isa = PBXGroup;
			children = (
				30E9B72323A163AA001DF6F6 /* LaunchScreen.storyboard */,
				301D4F3F23A4607F008D3787 /* Spinner.swift */,
				30F1649323A504CB0080A0E0 /* CachedImageClass.swift */,
			);
			path = View;
			sourceTree = "<group>";
		};
		304A0C6D23A2F0B500B50E6D /* Modules */ = {
			isa = PBXGroup;
			children = (
				304A0C7723A2FE3700B50E6D /* Navigation */,
				304A0C6F23A2F0DE00B50E6D /* Walkthrough */,
				304A0C7423A2F9F700B50E6D /* Tabbar */,
				304A0C6E23A2F0C700B50E6D /* Main */,
			);
			path = Modules;
			sourceTree = "<group>";
		};
		304A0C6E23A2F0C700B50E6D /* Main */ = {
			isa = PBXGroup;
			children = (
				30F1648B23A4DF490080A0E0 /* cells */,
				30E9B71E23A163A8001DF6F6 /* Main.storyboard */,
				30E9B71C23A163A8001DF6F6 /* LoginViewController.swift */,
				304A0C6923A2EB6400B50E6D /* MainViewController.swift */,
				304A0C7023A2F96E00B50E6D /* HomeFeedViewController.swift */,
				304A0C7223A2F97F00B50E6D /* SearchViewController.swift */,
				30F1649523A52B310080A0E0 /* RepoDetailViewController.swift */,
			);
			path = Main;
			sourceTree = "<group>";
		};
		304A0C6F23A2F0DE00B50E6D /* Walkthrough */ = {
			isa = PBXGroup;
			children = (
				30F1648823A4CF050080A0E0 /* cells */,
				304A0C6723A2EA2B00B50E6D /* Walkthrough.storyboard */,
				304A0C6B23A2EC7900B50E6D /* WalkthroughViewController.swift */,
			);
			path = Walkthrough;
			sourceTree = "<group>";
		};
		304A0C7423A2F9F700B50E6D /* Tabbar */ = {
			isa = PBXGroup;
			children = (
				304A0C7523A2FA4800B50E6D /* TabBarController.swift */,
			);
			path = Tabbar;
			sourceTree = "<group>";
		};
		304A0C7723A2FE3700B50E6D /* Navigation */ = {
			isa = PBXGroup;
			children = (
				304A0C7823A2FE5300B50E6D /* NavigationController.swift */,
			);
			path = Navigation;
			sourceTree = "<group>";
		};
		30E9B70E23A163A8001DF6F6 = {
			isa = PBXGroup;
			children = (
				30E9B71923A163A8001DF6F6 /* snowDogChallenge */,
				30E9B71823A163A8001DF6F6 /* Products */,
				3DBF2F4FED8694C08F358401 /* Pods */,
				2D9FACEB136A9C0F470D35ED /* Frameworks */,
			);
			sourceTree = "<group>";
		};
		30E9B71823A163A8001DF6F6 /* Products */ = {
			isa = PBXGroup;
			children = (
				30E9B71723A163A8001DF6F6 /* snowDogChallenge.app */,
			);
			name = Products;
			sourceTree = "<group>";
		};
		30E9B71923A163A8001DF6F6 /* snowDogChallenge */ = {
			isa = PBXGroup;
			children = (
				30E9B71A23A163A8001DF6F6 /* AppDelegate.swift */,
				30E9B72623A163AA001DF6F6 /* Info.plist */,
				304A0C6123A2E64B00B50E6D /* Helpers */,
				30ED779823A29E8D007E1D6D /* API */,
				30ED77A023A2B28E007E1D6D /* Model */,
				304A0C6523A2E92A00B50E6D /* View */,
				304A0C6D23A2F0B500B50E6D /* Modules */,
				30E9B72123A163AA001DF6F6 /* Assets.xcassets */,
			);
			path = snowDogChallenge;
			sourceTree = "<group>";
		};
		30ED779823A29E8D007E1D6D /* API */ = {
			isa = PBXGroup;
			children = (
				30ED779923A29EAC007E1D6D /* ApiController.swift */,
				30ED779B23A2ACBD007E1D6D /* AuthenticationApiController.swift */,
				301D4F3723A3F95A008D3787 /* FeedApiController.swift */,
				30F1649723A59AFD0080A0E0 /* SearchApiController.swift */,
			);
			path = API;
			sourceTree = "<group>";
		};
		30ED779D23A2AE11007E1D6D /* SupportingFiles */ = {
			isa = PBXGroup;
			children = (
				30ED779E23A2AE26007E1D6D /* Globals.swift */,
			);
			path = SupportingFiles;
			sourceTree = "<group>";
		};
		30ED77A023A2B28E007E1D6D /* Model */ = {
			isa = PBXGroup;
			children = (
				30B5F83723A2BC840019BD75 /* UserModel.swift */,
				301D4F3D23A45098008D3787 /* FeedModel.swift */,
				301D4F4123A46218008D3787 /* RepoDetailModel.swift */,
				30F1649923A59EE00080A0E0 /* SearchModel.swift */,
			);
			path = Model;
			sourceTree = "<group>";
		};
		30F1648823A4CF050080A0E0 /* cells */ = {
			isa = PBXGroup;
			children = (
				30F1648923A4CF2F0080A0E0 /* WalkthroughCollectionViewCell.swift */,
			);
			path = cells;
			sourceTree = "<group>";
		};
		30F1648B23A4DF490080A0E0 /* cells */ = {
			isa = PBXGroup;
			children = (
				30F1648C23A4DF600080A0E0 /* FeedTableViewCell.swift */,
				30F1649B23A5A2B80080A0E0 /* SearchTableViewCell.swift */,
			);
			path = cells;
			sourceTree = "<group>";
		};
		30F1648E23A4E18D0080A0E0 /* Protocol */ = {
			isa = PBXGroup;
			children = (
				30F1648F23A4E1A00080A0E0 /* Protocols.swift */,
			);
			path = Protocol;
			sourceTree = "<group>";
		};
		3DBF2F4FED8694C08F358401 /* Pods */ = {
			isa = PBXGroup;
			children = (
				54315E5876E3B472E32D1597 /* Pods-snowDogChallenge.debug.xcconfig */,
				01AA0573CF491F9ABE375FA4 /* Pods-snowDogChallenge.release.xcconfig */,
			);
			path = Pods;
			sourceTree = "<group>";
		};
/* End PBXGroup section */

/* Begin PBXNativeTarget section */
		30E9B71623A163A8001DF6F6 /* snowDogChallenge */ = {
			isa = PBXNativeTarget;
			buildConfigurationList = 30E9B72923A163AA001DF6F6 /* Build configuration list for PBXNativeTarget "snowDogChallenge" */;
			buildPhases = (
				64A89B25814DF190ED78E862 /* [CP] Check Pods Manifest.lock */,
				30E9B71323A163A8001DF6F6 /* Sources */,
				30E9B71423A163A8001DF6F6 /* Frameworks */,
				30E9B71523A163A8001DF6F6 /* Resources */,
				3E00D1976F8B83ED922105F4 /* [CP] Embed Pods Frameworks */,
			);
			buildRules = (
			);
			dependencies = (
			);
			name = snowDogChallenge;
			productName = snowDogChallenge;
			productReference = 30E9B71723A163A8001DF6F6 /* snowDogChallenge.app */;
			productType = "com.apple.product-type.application";
		};
/* End PBXNativeTarget section */

/* Begin PBXProject section */
		30E9B70F23A163A8001DF6F6 /* Project object */ = {
			isa = PBXProject;
			attributes = {
				LastSwiftUpdateCheck = 1030;
				LastUpgradeCheck = 1030;
				ORGANIZATIONNAME = emir;
				TargetAttributes = {
					30E9B71623A163A8001DF6F6 = {
						CreatedOnToolsVersion = 10.3;
					};
				};
			};
			buildConfigurationList = 30E9B71223A163A8001DF6F6 /* Build configuration list for PBXProject "snowDogChallenge" */;
			compatibilityVersion = "Xcode 9.3";
			developmentRegion = en;
			hasScannedForEncodings = 0;
			knownRegions = (
				en,
				Base,
			);
			mainGroup = 30E9B70E23A163A8001DF6F6;
			productRefGroup = 30E9B71823A163A8001DF6F6 /* Products */;
			projectDirPath = "";
			projectRoot = "";
			targets = (
				30E9B71623A163A8001DF6F6 /* snowDogChallenge */,
			);
		};
/* End PBXProject section */

/* Begin PBXResourcesBuildPhase section */
		30E9B71523A163A8001DF6F6 /* Resources */ = {
			isa = PBXResourcesBuildPhase;
			buildActionMask = 2147483647;
			files = (
				30E9B72523A163AA001DF6F6 /* LaunchScreen.storyboard in Resources */,
				304A0C6823A2EA2B00B50E6D /* Walkthrough.storyboard in Resources */,
				30E9B72223A163AA001DF6F6 /* Assets.xcassets in Resources */,
				30E9B72023A163A8001DF6F6 /* Main.storyboard in Resources */,
			);
			runOnlyForDeploymentPostprocessing = 0;
		};
/* End PBXResourcesBuildPhase section */

/* Begin PBXShellScriptBuildPhase section */
		3E00D1976F8B83ED922105F4 /* [CP] Embed Pods Frameworks */ = {
			isa = PBXShellScriptBuildPhase;
			buildActionMask = 2147483647;
			files = (
			);
			inputFileListPaths = (
				"${PODS_ROOT}/Target Support Files/Pods-snowDogChallenge/Pods-snowDogChallenge-frameworks-${CONFIGURATION}-input-files.xcfilelist",
			);
			name = "[CP] Embed Pods Frameworks";
			outputFileListPaths = (
				"${PODS_ROOT}/Target Support Files/Pods-snowDogChallenge/Pods-snowDogChallenge-frameworks-${CONFIGURATION}-output-files.xcfilelist",
			);
			runOnlyForDeploymentPostprocessing = 0;
			shellPath = /bin/sh;
			shellScript = "\"${PODS_ROOT}/Target Support Files/Pods-snowDogChallenge/Pods-snowDogChallenge-frameworks.sh\"\n";
			showEnvVarsInLog = 0;
		};
		64A89B25814DF190ED78E862 /* [CP] Check Pods Manifest.lock */ = {
			isa = PBXShellScriptBuildPhase;
			buildActionMask = 2147483647;
			files = (
			);
			inputFileListPaths = (
			);
			inputPaths = (
				"${PODS_PODFILE_DIR_PATH}/Podfile.lock",
				"${PODS_ROOT}/Manifest.lock",
			);
			name = "[CP] Check Pods Manifest.lock";
			outputFileListPaths = (
			);
			outputPaths = (
				"$(DERIVED_FILE_DIR)/Pods-snowDogChallenge-checkManifestLockResult.txt",
			);
			runOnlyForDeploymentPostprocessing = 0;
			shellPath = /bin/sh;
			shellScript = "diff \"${PODS_PODFILE_DIR_PATH}/Podfile.lock\" \"${PODS_ROOT}/Manifest.lock\" > /dev/null\nif [ $? != 0 ] ; then\n    # print error to STDERR\n    echo \"error: The sandbox is not in sync with the Podfile.lock. Run 'pod install' or update your CocoaPods installation.\" >&2\n    exit 1\nfi\n# This output is used by Xcode 'outputs' to avoid re-running this script phase.\necho \"SUCCESS\" > \"${SCRIPT_OUTPUT_FILE_0}\"\n";
			showEnvVarsInLog = 0;
		};
/* End PBXShellScriptBuildPhase section */

/* Begin PBXSourcesBuildPhase section */
		30E9B71323A163A8001DF6F6 /* Sources */ = {
			isa = PBXSourcesBuildPhase;
			buildActionMask = 2147483647;
			files = (
				30E9B71D23A163A8001DF6F6 /* LoginViewController.swift in Sources */,
				301D4F4023A4607F008D3787 /* Spinner.swift in Sources */,
				304A0C7323A2F97F00B50E6D /* SearchViewController.swift in Sources */,
				30F1649023A4E1A00080A0E0 /* Protocols.swift in Sources */,
				301D4F3E23A45098008D3787 /* FeedModel.swift in Sources */,
				301D4F3823A3F95A008D3787 /* FeedApiController.swift in Sources */,
				301D4F4223A46218008D3787 /* RepoDetailModel.swift in Sources */,
				30F1649623A52B310080A0E0 /* RepoDetailViewController.swift in Sources */,
				30F1649223A4E23F0080A0E0 /* UIViewControllerExtension.swift in Sources */,
				30E9B71B23A163A8001DF6F6 /* AppDelegate.swift in Sources */,
				301D4F3C23A443D3008D3787 /* StringAndDateExtension.swift in Sources */,
				30F1649423A504CB0080A0E0 /* CachedImageClass.swift in Sources */,
				30F1649A23A59EE00080A0E0 /* SearchModel.swift in Sources */,
				30F1649C23A5A2B80080A0E0 /* SearchTableViewCell.swift in Sources */,
				30ED779C23A2ACBD007E1D6D /* AuthenticationApiController.swift in Sources */,
				304A0C6C23A2EC7900B50E6D /* WalkthroughViewController.swift in Sources */,
				304A0C6423A2E67F00B50E6D /* StoryboardExtension.swift in Sources */,
				30ED779F23A2AE26007E1D6D /* Globals.swift in Sources */,
				30B5F83823A2BC840019BD75 /* UserModel.swift in Sources */,
				304A0C7923A2FE5300B50E6D /* NavigationController.swift in Sources */,
				301D4F3A23A41ABD008D3787 /* NotificationNameExtension.swift in Sources */,
				30ED779A23A29EAC007E1D6D /* ApiController.swift in Sources */,
				30F1649823A59AFD0080A0E0 /* SearchApiController.swift in Sources */,
				30F1648D23A4DF600080A0E0 /* FeedTableViewCell.swift in Sources */,
				304A0C7623A2FA4800B50E6D /* TabBarController.swift in Sources */,
				30F1648A23A4CF2F0080A0E0 /* WalkthroughCollectionViewCell.swift in Sources */,
				304A0C6A23A2EB6400B50E6D /* MainViewController.swift in Sources */,
				304A0C7123A2F96E00B50E6D /* HomeFeedViewController.swift in Sources */,
			);
			runOnlyForDeploymentPostprocessing = 0;
		};
/* End PBXSourcesBuildPhase section */

/* Begin PBXVariantGroup section */
		30E9B71E23A163A8001DF6F6 /* Main.storyboard */ = {
			isa = PBXVariantGroup;
			children = (
				30E9B71F23A163A8001DF6F6 /* Base */,
			);
			name = Main.storyboard;
			sourceTree = "<group>";
		};
		30E9B72323A163AA001DF6F6 /* LaunchScreen.storyboard */ = {
			isa = PBXVariantGroup;
			children = (
				30E9B72423A163AA001DF6F6 /* Base */,
			);
			name = LaunchScreen.storyboard;
			sourceTree = "<group>";
		};
/* End PBXVariantGroup section */

/* Begin XCBuildConfiguration section */
		30E9B72723A163AA001DF6F6 /* Debug */ = {
			isa = XCBuildConfiguration;
			buildSettings = {
				ALWAYS_SEARCH_USER_PATHS = NO;
				CLANG_ANALYZER_NONNULL = YES;
				CLANG_ANALYZER_NUMBER_OBJECT_CONVERSION = YES_AGGRESSIVE;
				CLANG_CXX_LANGUAGE_STANDARD = "gnu++14";
				CLANG_CXX_LIBRARY = "libc++";
				CLANG_ENABLE_MODULES = YES;
				CLANG_ENABLE_OBJC_ARC = YES;
				CLANG_ENABLE_OBJC_WEAK = YES;
				CLANG_WARN_BLOCK_CAPTURE_AUTORELEASING = YES;
				CLANG_WARN_BOOL_CONVERSION = YES;
				CLANG_WARN_COMMA = YES;
				CLANG_WARN_CONSTANT_CONVERSION = YES;
				CLANG_WARN_DEPRECATED_OBJC_IMPLEMENTATIONS = YES;
				CLANG_WARN_DIRECT_OBJC_ISA_USAGE = YES_ERROR;
				CLANG_WARN_DOCUMENTATION_COMMENTS = YES;
				CLANG_WARN_EMPTY_BODY = YES;
				CLANG_WARN_ENUM_CONVERSION = YES;
				CLANG_WARN_INFINITE_RECURSION = YES;
				CLANG_WARN_INT_CONVERSION = YES;
				CLANG_WARN_NON_LITERAL_NULL_CONVERSION = YES;
				CLANG_WARN_OBJC_IMPLICIT_RETAIN_SELF = YES;
				CLANG_WARN_OBJC_LITERAL_CONVERSION = YES;
				CLANG_WARN_OBJC_ROOT_CLASS = YES_ERROR;
				CLANG_WARN_RANGE_LOOP_ANALYSIS = YES;
				CLANG_WARN_STRICT_PROTOTYPES = YES;
				CLANG_WARN_SUSPICIOUS_MOVE = YES;
				CLANG_WARN_UNGUARDED_AVAILABILITY = YES_AGGRESSIVE;
				CLANG_WARN_UNREACHABLE_CODE = YES;
				CLANG_WARN__DUPLICATE_METHOD_MATCH = YES;
				CODE_SIGN_IDENTITY = "iPhone Developer";
				COPY_PHASE_STRIP = NO;
				DEBUG_INFORMATION_FORMAT = dwarf;
				ENABLE_STRICT_OBJC_MSGSEND = YES;
				ENABLE_TESTABILITY = YES;
				GCC_C_LANGUAGE_STANDARD = gnu11;
				GCC_DYNAMIC_NO_PIC = NO;
				GCC_NO_COMMON_BLOCKS = YES;
				GCC_OPTIMIZATION_LEVEL = 0;
				GCC_PREPROCESSOR_DEFINITIONS = (
					"DEBUG=1",
					"$(inherited)",
				);
				GCC_WARN_64_TO_32_BIT_CONVERSION = YES;
				GCC_WARN_ABOUT_RETURN_TYPE = YES_ERROR;
				GCC_WARN_UNDECLARED_SELECTOR = YES;
				GCC_WARN_UNINITIALIZED_AUTOS = YES_AGGRESSIVE;
				GCC_WARN_UNUSED_FUNCTION = YES;
				GCC_WARN_UNUSED_VARIABLE = YES;
				IPHONEOS_DEPLOYMENT_TARGET = 12.4;
				MTL_ENABLE_DEBUG_INFO = INCLUDE_SOURCE;
				MTL_FAST_MATH = YES;
				ONLY_ACTIVE_ARCH = YES;
				SDKROOT = iphoneos;
				SWIFT_ACTIVE_COMPILATION_CONDITIONS = DEBUG;
				SWIFT_OPTIMIZATION_LEVEL = "-Onone";
			};
			name = Debug;
		};
		30E9B72823A163AA001DF6F6 /* Release */ = {
			isa = XCBuildConfiguration;
			buildSettings = {
				ALWAYS_SEARCH_USER_PATHS = NO;
				CLANG_ANALYZER_NONNULL = YES;
				CLANG_ANALYZER_NUMBER_OBJECT_CONVERSION = YES_AGGRESSIVE;
				CLANG_CXX_LANGUAGE_STANDARD = "gnu++14";
				CLANG_CXX_LIBRARY = "libc++";
				CLANG_ENABLE_MODULES = YES;
				CLANG_ENABLE_OBJC_ARC = YES;
				CLANG_ENABLE_OBJC_WEAK = YES;
				CLANG_WARN_BLOCK_CAPTURE_AUTORELEASING = YES;
				CLANG_WARN_BOOL_CONVERSION = YES;
				CLANG_WARN_COMMA = YES;
				CLANG_WARN_CONSTANT_CONVERSION = YES;
				CLANG_WARN_DEPRECATED_OBJC_IMPLEMENTATIONS = YES;
				CLANG_WARN_DIRECT_OBJC_ISA_USAGE = YES_ERROR;
				CLANG_WARN_DOCUMENTATION_COMMENTS = YES;
				CLANG_WARN_EMPTY_BODY = YES;
				CLANG_WARN_ENUM_CONVERSION = YES;
				CLANG_WARN_INFINITE_RECURSION = YES;
				CLANG_WARN_INT_CONVERSION = YES;
				CLANG_WARN_NON_LITERAL_NULL_CONVERSION = YES;
				CLANG_WARN_OBJC_IMPLICIT_RETAIN_SELF = YES;
				CLANG_WARN_OBJC_LITERAL_CONVERSION = YES;
				CLANG_WARN_OBJC_ROOT_CLASS = YES_ERROR;
				CLANG_WARN_RANGE_LOOP_ANALYSIS = YES;
				CLANG_WARN_STRICT_PROTOTYPES = YES;
				CLANG_WARN_SUSPICIOUS_MOVE = YES;
				CLANG_WARN_UNGUARDED_AVAILABILITY = YES_AGGRESSIVE;
				CLANG_WARN_UNREACHABLE_CODE = YES;
				CLANG_WARN__DUPLICATE_METHOD_MATCH = YES;
				CODE_SIGN_IDENTITY = "iPhone Developer";
				COPY_PHASE_STRIP = NO;
				DEBUG_INFORMATION_FORMAT = "dwarf-with-dsym";
				ENABLE_NS_ASSERTIONS = NO;
				ENABLE_STRICT_OBJC_MSGSEND = YES;
				GCC_C_LANGUAGE_STANDARD = gnu11;
				GCC_NO_COMMON_BLOCKS = YES;
				GCC_WARN_64_TO_32_BIT_CONVERSION = YES;
				GCC_WARN_ABOUT_RETURN_TYPE = YES_ERROR;
				GCC_WARN_UNDECLARED_SELECTOR = YES;
				GCC_WARN_UNINITIALIZED_AUTOS = YES_AGGRESSIVE;
				GCC_WARN_UNUSED_FUNCTION = YES;
				GCC_WARN_UNUSED_VARIABLE = YES;
				IPHONEOS_DEPLOYMENT_TARGET = 12.4;
				MTL_ENABLE_DEBUG_INFO = NO;
				MTL_FAST_MATH = YES;
				SDKROOT = iphoneos;
				SWIFT_COMPILATION_MODE = wholemodule;
				SWIFT_OPTIMIZATION_LEVEL = "-O";
				VALIDATE_PRODUCT = YES;
			};
			name = Release;
		};
		30E9B72A23A163AA001DF6F6 /* Debug */ = {
			isa = XCBuildConfiguration;
			baseConfigurationReference = 54315E5876E3B472E32D1597 /* Pods-snowDogChallenge.debug.xcconfig */;
			buildSettings = {
				ASSETCATALOG_COMPILER_APPICON_NAME = AppIcon;
				CODE_SIGN_STYLE = Automatic;
				DEVELOPMENT_TEAM = 3H9VJDR9FJ;
				INFOPLIST_FILE = snowDogChallenge/Info.plist;
				LD_RUNPATH_SEARCH_PATHS = (
					"$(inherited)",
					"@executable_path/Frameworks",
				);
				PRODUCT_BUNDLE_IDENTIFIER = com.emir.snowDogChallenge;
				PRODUCT_NAME = "$(TARGET_NAME)";
				SWIFT_VERSION = 5.0;
				TARGETED_DEVICE_FAMILY = "1,2";
			};
			name = Debug;
		};
		30E9B72B23A163AA001DF6F6 /* Release */ = {
			isa = XCBuildConfiguration;
			baseConfigurationReference = 01AA0573CF491F9ABE375FA4 /* Pods-snowDogChallenge.release.xcconfig */;
			buildSettings = {
				ASSETCATALOG_COMPILER_APPICON_NAME = AppIcon;
				CODE_SIGN_STYLE = Automatic;
				DEVELOPMENT_TEAM = 3H9VJDR9FJ;
				INFOPLIST_FILE = snowDogChallenge/Info.plist;
				LD_RUNPATH_SEARCH_PATHS = (
					"$(inherited)",
					"@executable_path/Frameworks",
				);
				PRODUCT_BUNDLE_IDENTIFIER = com.emir.snowDogChallenge;
				PRODUCT_NAME = "$(TARGET_NAME)";
				SWIFT_VERSION = 5.0;
				TARGETED_DEVICE_FAMILY = "1,2";
			};
			name = Release;
		};
/* End XCBuildConfiguration section */

/* Begin XCConfigurationList section */
		30E9B71223A163A8001DF6F6 /* Build configuration list for PBXProject "snowDogChallenge" */ = {
			isa = XCConfigurationList;
			buildConfigurations = (
				30E9B72723A163AA001DF6F6 /* Debug */,
				30E9B72823A163AA001DF6F6 /* Release */,
			);
			defaultConfigurationIsVisible = 0;
			defaultConfigurationName = Release;
		};
		30E9B72923A163AA001DF6F6 /* Build configuration list for PBXNativeTarget "snowDogChallenge" */ = {
			isa = XCConfigurationList;
			buildConfigurations = (
				30E9B72A23A163AA001DF6F6 /* Debug */,
				30E9B72B23A163AA001DF6F6 /* Release */,
			);
			defaultConfigurationIsVisible = 0;
			defaultConfigurationName = Release;
		};
/* End XCConfigurationList section */
	};
	rootObject = 30E9B70F23A163A8001DF6F6 /* Project object */;
}
